github.com/caarlos0/env v3.5.0+incompatible h1:Yy0UN8o9Wtr/jGHZDpCBLpNrzcFLLM2yixi/rBrKyJs=
github.com/caarlos0/env v3.5.0+incompatible/go.mod h1:tdCsowwCzMLdkqRYDlHpZCp2UooDD3MspDBjZ2AD02Y=
github.com/go-pg/migrations v6.3.0+incompatible h1:UjuxfVlXG+J9ghdr4VYoMQf/hC+QDs/AgkOZiwqk3jk=
github.com/go-pg/migrations v6.3.0+incompatible/go.mod h1:DtFiob3rFxsj0He8fye6Ta4eukFW80IfdY10zb2yH1c=
github.com/go-pg/pg v6.15.1+incompatible h1:vO4P9WoCi+i4qomgcBXWlKgDk4GcHAqDAOIfkEpi7B4=
github.com/go-pg/pg v6.15.1+incompatible/go.mod h1:a2oXow+aFOrvwcKs3eIA0lNFmMilrxK2sOkB5NWe0vA=
github.com/jinzhu/inflection v0.0.0-20180308033659-04140366298a h1:eeaG9XMUvRBYXJi4pg1ZKM7nxc5AfXfojeLLW7O5J3k=
github.com/jinzhu/inflection v0.0.0-20180308033659-04140366298a/go.mod h1:h+uFLlag+Qp1Va5pdKtLDYj+kHp5pxUVkryuEj+Srlc=
github.com/rs/zerolog v1.10.0 h1:roFDW4AgYGbHnTOAMZ2K8mHJZ/7bSj7txPfvbABIj88=
github.com/rs/zerolog v1.10.0/go.mod h1:YbFCdg8HfsridGWAh22vktObvhZbQsZXe4/zB0OKkWU=
golang.org/x/crypto v0.0.0-20180910181607-0e37d006457b h1:2b9XGzhjiYsYPnKXoEfL7klWZQIt8IfyRCz62gCqqlQ=
golang.org/x/crypto v0.0.0-20180910181607-0e37d006457b/go.mod h1:6SG95UA2DQfeDnfUPMdvaQW0Q7yPrPDi9nlGo2tz2b4=
mellium.im/sasl v0.2.1 h1:nspKSRg7/SyO0cRGY71OkfHab8tf9kCts6a6oTDut0w=
mellium.im/sasl v0.2.1/go.mod h1:ROaEDLQNuf9vjKqE1SrAfnsobm2YKXT1gnN1uDp1PjQ=
